{
  "nodes": {
    "nixpkgs": {
      "locked": {
        "lastModified": 1705204527,
        "narHash": "sha256-WVz9WdaFBhAwO/7A+HlW8HPJ4VQ8QnpCD1WZAcAPneo=",
        "owner": "NixOS",
        "repo": "nixpkgs",
        "rev": "dd5621df6dcb90122b50da5ec31c411a0de3e538",
        "type": "github"
      },
      "original": {
        "owner": "NixOS",
        "ref": "nixpkgs-unstable",
        "repo": "nixpkgs",
        "type": "github"
      }
    },
    "root": {
      "inputs": {
        "nixpkgs": "nixpkgs"
      }
    }
  },
  "root": "root",
  "version": 7
}
